
Microsoft Visual Studio Solution File, Format Version 12.00
# Visual Studio Version 17
VisualStudioVersion = 17.10.35027.167
MinimumVisualStudioVersion = 10.0.40219.1
Project("{FAE04EC0-301F-11D3-BF4B-00C04F79EFBC}") = "Soundmand", "Soundmand\Soundmand.csproj", "{1D56412A-27CB-4569-86A0-EE473EC7D2A6}"
EndProject
Global
	GlobalSection(SolutionConfigurationPlatforms) = preSolution
		Debug|Any CPU = Debug|Any CPU
		Release|Any CPU = Release|Any CPU
	EndGlobalSection
	GlobalSection(ProjectConfigurationPlatforms) = postSolution
		{1D56412A-27CB-4569-86A0-EE473EC7D2A6}.Debug|Any CPU.ActiveCfg = Debug|Any CPU
		{1D56412A-27CB-4569-86A0-EE473EC7D2A6}.Debug|Any CPU.Build.0 = Debug|Any CPU
		{1D56412A-27CB-4569-86A0-EE473EC7D2A6}.Release|Any CPU.ActiveCfg = Release|Any CPU
		{1D56412A-27CB-4569-86A0-EE473EC7D2A6}.Release|Any CPU.Build.0 = Release|Any CPU
	EndGlobalSection
	GlobalSection(SolutionProperties) = preSolution
		HideSolutionNode = FALSE
	EndGlobalSection
	GlobalSection(ExtensibilityGlobals) = postSolution
		SolutionGuid = {5C5AE5C0-A886-4D06-9FF4-4FE14498F4FC}
	EndGlobalSection
EndGlobal
